
Microsoft Visual Studio Solution File, Format Version 12.00
# Visual Studio Version 16
VisualStudioVersion = 16.0.28621.142
MinimumVisualStudioVersion = 10.0.40219.1
Project("{9A19103F-16F7-4668-BE54-9A1E7A4F7556}") = "Cesil", "Cesil\Cesil.csproj", "{AA583C46-5B25-417D-9FE0-A7F09629325C}"
EndProject
Project("{9A19103F-16F7-4668-BE54-9A1E7A4F7556}") = "Cesil.Tests", "Cesil.Tests\Cesil.Tests.csproj", "{C052A689-DEFE-4A02-9FA5-BAD000514BA5}"
EndProject
Project("{9A19103F-16F7-4668-BE54-9A1E7A4F7556}") = "Cesil.Benchmark", "Cesil.Benchmark\Cesil.Benchmark.csproj", "{9C866126-792D-4F79-A39C-C7E1508B19AA}"
EndProject
Project("{2150E333-8FDC-42A3-9474-1A3956D46DE8}") = "Solution Items", "Solution Items", "{675EB3DD-E020-46DA-9426-39D7C9D1DE6E}"
	ProjectSection(SolutionItems) = preProject
		.editorconfig = .editorconfig
		README.md = README.md
	EndProjectSection
EndProject
Project("{9A19103F-16F7-4668-BE54-9A1E7A4F7556}") = "ShieldGenerator", "ShieldGenerator\ShieldGenerator.csproj", "{3CDB6853-F3CF-4A6C-914B-54FB1BC19A08}"
EndProject
Project("{9A19103F-16F7-4668-BE54-9A1E7A4F7556}") = "Cesil.Analyzers", "Cesil.Analyzers\Cesil.Analyzers.csproj", "{60942AB0-23F0-4A68-81B2-CD42F0149F13}"
EndProject
Global
	GlobalSection(SolutionConfigurationPlatforms) = preSolution
		Debug|Any CPU = Debug|Any CPU
		Release|Any CPU = Release|Any CPU
	EndGlobalSection
	GlobalSection(ProjectConfigurationPlatforms) = postSolution
		{AA583C46-5B25-417D-9FE0-A7F09629325C}.Debug|Any CPU.ActiveCfg = Debug|Any CPU
		{AA583C46-5B25-417D-9FE0-A7F09629325C}.Debug|Any CPU.Build.0 = Debug|Any CPU
		{AA583C46-5B25-417D-9FE0-A7F09629325C}.Release|Any CPU.ActiveCfg = Release|Any CPU
		{AA583C46-5B25-417D-9FE0-A7F09629325C}.Release|Any CPU.Build.0 = Release|Any CPU
		{C052A689-DEFE-4A02-9FA5-BAD000514BA5}.Debug|Any CPU.ActiveCfg = Debug|Any CPU
		{C052A689-DEFE-4A02-9FA5-BAD000514BA5}.Debug|Any CPU.Build.0 = Debug|Any CPU
		{C052A689-DEFE-4A02-9FA5-BAD000514BA5}.Release|Any CPU.ActiveCfg = Release|Any CPU
		{C052A689-DEFE-4A02-9FA5-BAD000514BA5}.Release|Any CPU.Build.0 = Release|Any CPU
		{9C866126-792D-4F79-A39C-C7E1508B19AA}.Debug|Any CPU.ActiveCfg = Debug|Any CPU
		{9C866126-792D-4F79-A39C-C7E1508B19AA}.Debug|Any CPU.Build.0 = Debug|Any CPU
		{9C866126-792D-4F79-A39C-C7E1508B19AA}.Release|Any CPU.ActiveCfg = Release|Any CPU
		{9C866126-792D-4F79-A39C-C7E1508B19AA}.Release|Any CPU.Build.0 = Release|Any CPU
		{3CDB6853-F3CF-4A6C-914B-54FB1BC19A08}.Debug|Any CPU.ActiveCfg = Debug|Any CPU
		{3CDB6853-F3CF-4A6C-914B-54FB1BC19A08}.Debug|Any CPU.Build.0 = Debug|Any CPU
		{3CDB6853-F3CF-4A6C-914B-54FB1BC19A08}.Release|Any CPU.ActiveCfg = Release|Any CPU
		{3CDB6853-F3CF-4A6C-914B-54FB1BC19A08}.Release|Any CPU.Build.0 = Release|Any CPU
		{60942AB0-23F0-4A68-81B2-CD42F0149F13}.Debug|Any CPU.ActiveCfg = Debug|Any CPU
		{60942AB0-23F0-4A68-81B2-CD42F0149F13}.Debug|Any CPU.Build.0 = Debug|Any CPU
		{60942AB0-23F0-4A68-81B2-CD42F0149F13}.Release|Any CPU.ActiveCfg = Release|Any CPU
		{60942AB0-23F0-4A68-81B2-CD42F0149F13}.Release|Any CPU.Build.0 = Release|Any CPU
	EndGlobalSection
	GlobalSection(SolutionProperties) = preSolution
		HideSolutionNode = FALSE
	EndGlobalSection
	GlobalSection(ExtensibilityGlobals) = postSolution
		SolutionGuid = {5DA0198A-7B32-46FD-93BC-249F098EF6E6}
	EndGlobalSection
EndGlobal
